// !$*UTF8*$!
{
	archiveVersion = 1;
	classes = {
	};
	objectVersion = 50;
	objects = {

/* Begin PBXBuildFile section */
		587E70E8284DB45E00A6529F /* AppDelegate.swift in Sources */ = {isa = PBXBuildFile; fileRef = 587E70E7284DB45E00A6529F /* AppDelegate.swift */; };
		587E70EA284DB45E00A6529F /* SceneDelegate.swift in Sources */ = {isa = PBXBuildFile; fileRef = 587E70E9284DB45E00A6529F /* SceneDelegate.swift */; };
		587E70EC284DB45E00A6529F /* ViewController.swift in Sources */ = {isa = PBXBuildFile; fileRef = 587E70EB284DB45E00A6529F /* ViewController.swift */; };
		587E70EF284DB45E00A6529F /* Main.storyboard in Resources */ = {isa = PBXBuildFile; fileRef = 587E70ED284DB45E00A6529F /* Main.storyboard */; };
		587E70F1284DB45F00A6529F /* Assets.xcassets in Resources */ = {isa = PBXBuildFile; fileRef = 587E70F0284DB45F00A6529F /* Assets.xcassets */; };
		587E70F4284DB45F00A6529F /* LaunchScreen.storyboard in Resources */ = {isa = PBXBuildFile; fileRef = 587E70F2284DB45F00A6529F /* LaunchScreen.storyboard */; };
		587E70FD284DB49200A6529F /* LCInfiniteScrollView.swift in Sources */ = {isa = PBXBuildFile; fileRef = 587E70FC284DB49200A6529F /* LCInfiniteScrollView.swift */; };
/* End PBXBuildFile section */

/* Begin PBXFileReference section */
		587E70E4284DB45E00A6529F /* SwiftInfiniteScrollView.app */ = {isa = PBXFileReference; explicitFileType = wrapper.application; includeInIndex = 0; path = SwiftInfiniteScrollView.app; sourceTree = BUILT_PRODUCTS_DIR; };
		587E70E7284DB45E00A6529F /* AppDelegate.swift */ = {isa = PBXFileReference; lastKnownFileType = sourcecode.swift; path = AppDelegate.swift; sourceTree = "<group>"; };
		587E70E9284DB45E00A6529F /* SceneDelegate.swift */ = {isa = PBXFileReference; lastKnownFileType = sourcecode.swift; path = SceneDelegate.swift; sourceTree = "<group>"; };
		587E70EB284DB45E00A6529F /* ViewController.swift */ = {isa = PBXFileReference; lastKnownFileType = sourcecode.swift; path = ViewController.swift; sourceTree = "<group>"; };
		587E70EE284DB45E00A6529F /* Base */ = {isa = PBXFileReference; lastKnownFileType = file.storyboard; name = Base; path = Base.lproj/Main.storyboard; sourceTree = "<group>"; };
		587E70F0284DB45F00A6529F /* Assets.xcassets */ = {isa = PBXFileReference; lastKnownFileType = folder.assetcatalog; path = Assets.xcassets; sourceTree = "<group>"; };
		587E70F3284DB45F00A6529F /* Base */ = {isa = PBXFileReference; lastKnownFileType = file.storyboard; name = Base; path = Base.lproj/LaunchScreen.storyboard; sourceTree = "<group>"; };
		587E70F5284DB45F00A6529F /* Info.plist */ = {isa = PBXFileReference; lastKnownFileType = text.plist.xml; path = Info.plist; sourceTree = "<group>"; };
		587E70FC284DB49200A6529F /* LCInfiniteScrollView.swift */ = {isa = PBXFileReference; fileEncoding = 4; lastKnownFileType = sourcecode.swift; path = LCInfiniteScrollView.swift; sourceTree = "<group>"; };
/* End PBXFileReference section */

/* Begin PBXFrameworksBuildPhase section */
		587E70E1284DB45E00A6529F /* Frameworks */ = {
			isa = PBXFrameworksBuildPhase;
			buildActionMask = 2147483647;
			files = (
			);
			runOnlyForDeploymentPostprocessing = 0;
		};
/* End PBXFrameworksBuildPhase section */

/* Begin PBXGroup section */
		587E70DB284DB45E00A6529F = {
			isa = PBXGroup;
			children = (
				587E70E6284DB45E00A6529F /* SwiftInfiniteScrollView */,
				587E70E5284DB45E00A6529F /* Products */,
			);
			sourceTree = "<group>";
		};
		587E70E5284DB45E00A6529F /* Products */ = {
			isa = PBXGroup;
			children = (
				587E70E4284DB45E00A6529F /* SwiftInfiniteScrollView.app */,
			);
			name = Products;
			sourceTree = "<group>";
		};
		587E70E6284DB45E00A6529F /* SwiftInfiniteScrollView */ = {
			isa = PBXGroup;
			children = (
				587E70FB284DB49200A6529F /* SwiftInfiniteScrollView */,
				587E70E7284DB45E00A6529F /* AppDelegate.swift */,
				587E70E9284DB45E00A6529F /* SceneDelegate.swift */,
				587E70EB284DB45E00A6529F /* ViewController.swift */,
				587E70ED284DB45E00A6529F /* Main.storyboard */,
				587E70F0284DB45F00A6529F /* Assets.xcassets */,
				587E70F2284DB45F00A6529F /* LaunchScreen.storyboard */,
				587E70F5284DB45F00A6529F /* Info.plist */,
			);
			path = SwiftInfiniteScrollView;
			sourceTree = "<group>";
		};
		587E70FB284DB49200A6529F /* SwiftInfiniteScrollView */ = {
			isa = PBXGroup;
			children = (
				587E70FC284DB49200A6529F /* LCInfiniteScrollView.swift */,
			);
			name = SwiftInfiniteScrollView;
			path = ../../SwiftInfiniteScrollView;
			sourceTree = "<group>";
		};
/* End PBXGroup section */

/* Begin PBXNativeTarget section */
		587E70E3284DB45E00A6529F /* SwiftInfiniteScrollView */ = {
			isa = PBXNativeTarget;
			buildConfigurationList = 587E70F8284DB45F00A6529F /* Build configuration list for PBXNativeTarget "SwiftInfiniteScrollView" */;
			buildPhases = (
				587E70E0284DB45E00A6529F /* Sources */,
				587E70E1284DB45E00A6529F /* Frameworks */,
				587E70E2284DB45E00A6529F /* Resources */,
			);
			buildRules = (
			);
			dependencies = (
			);
			name = SwiftInfiniteScrollView;
			productName = SwiftInfiniteScrollView;
			productReference = 587E70E4284DB45E00A6529F /* SwiftInfiniteScrollView.app */;
			productType = "com.apple.product-type.application";
		};
/* End PBXNativeTarget section */

/* Begin PBXProject section */
		587E70DC284DB45E00A6529F /* Project object */ = {
			isa = PBXProject;
			attributes = {
				LastSwiftUpdateCheck = 1250;
				LastUpgradeCheck = 1250;
				TargetAttributes = {
					587E70E3284DB45E00A6529F = {
						CreatedOnToolsVersion = 12.5.1;
					};
				};
			};
			buildConfigurationList = 587E70DF284DB45E00A6529F /* Build configuration list for PBXProject "SwiftInfiniteScrollView" */;
			compatibilityVersion = "Xcode 9.3";
			developmentRegion = en;
			hasScannedForEncodings = 0;
			knownRegions = (
				en,
				Base,
			);
			mainGroup = 587E70DB284DB45E00A6529F;
			productRefGroup = 587E70E5284DB45E00A6529F /* Products */;
			projectDirPath = "";
			projectRoot = "";
			targets = (
				587E70E3284DB45E00A6529F /* SwiftInfiniteScrollView */,
			);
		};
/* End PBXProject section */

/* Begin PBXResourcesBuildPhase section */
		587E70E2284DB45E00A6529F /* Resources */ = {
			isa = PBXResourcesBuildPhase;
			buildActionMask = 2147483647;
			files = (
				587E70F4284DB45F00A6529F /* LaunchScreen.storyboard in Resources */,
				587E70F1284DB45F00A6529F /* Assets.xcassets in Resources */,
				587E70EF284DB45E00A6529F /* Main.storyboard in Resources */,
			);
			runOnlyForDeploymentPostprocessing = 0;
		};
/* End PBXResourcesBuildPhase section */

/* Begin PBXSourcesBuildPhase section */
		587E70E0284DB45E00A6529F /* Sources */ = {
			isa = PBXSourcesBuildPhase;
			buildActionMask = 2147483647;
			files = (
				587E70FD284DB49200A6529F /* LCInfiniteScrollView.swift in Sources */,
				587E70EC284DB45E00A6529F /* ViewController.swift in Sources */,
				587E70E8284DB45E00A6529F /* AppDelegate.swift in Sources */,
				587E70EA284DB45E00A6529F /* SceneDelegate.swift in Sources */,
			);
			runOnlyForDeploymentPostprocessing = 0;
		};
/* End PBXSourcesBuildPhase section */

/* Begin PBXVariantGroup section */
		587E70ED284DB45E00A6529F /* Main.storyboard */ = {
			isa = PBXVariantGroup;
			children = (
				587E70EE284DB45E00A6529F /* Base */,
			);
			name = Main.storyboard;
			sourceTree = "<group>";
		};
		587E70F2284DB45F00A6529F /* LaunchScreen.storyboard */ = {
			isa = PBXVariantGroup;
			children = (
				587E70F3284DB45F00A6529F /* Base */,
			);
			name = LaunchScreen.storyboard;
			sourceTree = "<group>";
		};
/* End PBXVariantGroup section */

/* Begin XCBuildConfiguration section */
		587E70F6284DB45F00A6529F /* Debug */ = {
			isa = XCBuildConfiguration;
			buildSettings = {
				ALWAYS_SEARCH_USER_PATHS = NO;
				CLANG_ANALYZER_NONNULL = YES;
				CLANG_ANALYZER_NUMBER_OBJECT_CONVERSION = YES_AGGRESSIVE;
				CLANG_CXX_LANGUAGE_STANDARD = "gnu++14";
				CLANG_CXX_LIBRARY = "libc++";
				CLANG_ENABLE_MODULES = YES;
				CLANG_ENABLE_OBJC_ARC = YES;
				CLANG_ENABLE_OBJC_WEAK = YES;
				CLANG_WARN_BLOCK_CAPTURE_AUTORELEASING = YES;
				CLANG_WARN_BOOL_CONVERSION = YES;
				CLANG_WARN_COMMA = YES;
				CLANG_WARN_CONSTANT_CONVERSION = YES;
				CLANG_WARN_DEPRECATED_OBJC_IMPLEMENTATIONS = YES;
				CLANG_WARN_DIRECT_OBJC_ISA_USAGE = YES_ERROR;
				CLANG_WARN_DOCUMENTATION_COMMENTS = YES;
				CLANG_WARN_EMPTY_BODY = YES;
				CLANG_WARN_ENUM_CONVERSION = YES;
				CLANG_WARN_INFINITE_RECURSION = YES;
				CLANG_WARN_INT_CONVERSION = YES;
				CLANG_WARN_NON_LITERAL_NULL_CONVERSION = YES;
				CLANG_WARN_OBJC_IMPLICIT_RETAIN_SELF = YES;
				CLANG_WARN_OBJC_LITERAL_CONVERSION = YES;
				CLANG_WARN_OBJC_ROOT_CLASS = YES_ERROR;
				CLANG_WARN_QUOTED_INCLUDE_IN_FRAMEWORK_HEADER = YES;
				CLANG_WARN_RANGE_LOOP_ANALYSIS = YES;
				CLANG_WARN_STRICT_PROTOTYPES = YES;
				CLANG_WARN_SUSPICIOUS_MOVE = YES;
				CLANG_WARN_UNGUARDED_AVAILABILITY = YES_AGGRESSIVE;
				CLANG_WARN_UNREACHABLE_CODE = YES;
				CLANG_WARN__DUPLICATE_METHOD_MATCH = YES;
				COPY_PHASE_STRIP = NO;
				DEBUG_INFORMATION_FORMAT = dwarf;
				ENABLE_STRICT_OBJC_MSGSEND = YES;
				ENABLE_TESTABILITY = YES;
				GCC_C_LANGUAGE_STANDARD = gnu11;
				GCC_DYNAMIC_NO_PIC = NO;
				GCC_NO_COMMON_BLOCKS = YES;
				GCC_OPTIMIZATION_LEVEL = 0;
				GCC_PREPROCESSOR_DEFINITIONS = (
					"DEBUG=1",
					"$(inherited)",
				);
				GCC_WARN_64_TO_32_BIT_CONVERSION = YES;
				GCC_WARN_ABOUT_RETURN_TYPE = YES_ERROR;
				GCC_WARN_UNDECLARED_SELECTOR = YES;
				GCC_WARN_UNINITIALIZED_AUTOS = YES_AGGRESSIVE;
				GCC_WARN_UNUSED_FUNCTION = YES;
				GCC_WARN_UNUSED_VARIABLE = YES;
				IPHONEOS_DEPLOYMENT_TARGET = 14.5;
				MTL_ENABLE_DEBUG_INFO = INCLUDE_SOURCE;
				MTL_FAST_MATH = YES;
				ONLY_ACTIVE_ARCH = YES;
				SDKROOT = iphoneos;
				SWIFT_ACTIVE_COMPILATION_CONDITIONS = DEBUG;
				SWIFT_OPTIMIZATION_LEVEL = "-Onone";
			};
			name = Debug;
		};
		587E70F7284DB45F00A6529F /* Release */ = {
			isa = XCBuildConfiguration;
			buildSettings = {
				ALWAYS_SEARCH_USER_PATHS = NO;
				CLANG_ANALYZER_NONNULL = YES;
				CLANG_ANALYZER_NUMBER_OBJECT_CONVERSION = YES_AGGRESSIVE;
				CLANG_CXX_LANGUAGE_STANDARD = "gnu++14";
				CLANG_CXX_LIBRARY = "libc++";
				CLANG_ENABLE_MODULES = YES;
				CLANG_ENABLE_OBJC_ARC = YES;
				CLANG_ENABLE_OBJC_WEAK = YES;
				CLANG_WARN_BLOCK_CAPTURE_AUTORELEASING = YES;
				CLANG_WARN_BOOL_CONVERSION = YES;
				CLANG_WARN_COMMA = YES;
				CLANG_WARN_CONSTANT_CONVERSION = YES;
				CLANG_WARN_DEPRECATED_OBJC_IMPLEMENTATIONS = YES;
				CLANG_WARN_DIRECT_OBJC_ISA_USAGE = YES_ERROR;
				CLANG_WARN_DOCUMENTATION_COMMENTS = YES;
				CLANG_WARN_EMPTY_BODY = YES;
				CLANG_WARN_ENUM_CONVERSION = YES;
				CLANG_WARN_INFINITE_RECURSION = YES;
				CLANG_WARN_INT_CONVERSION = YES;
				CLANG_WARN_NON_LITERAL_NULL_CONVERSION = YES;
				CLANG_WARN_OBJC_IMPLICIT_RETAIN_SELF = YES;
				CLANG_WARN_OBJC_LITERAL_CONVERSION = YES;
				CLANG_WARN_OBJC_ROOT_CLASS = YES_ERROR;
				CLANG_WARN_QUOTED_INCLUDE_IN_FRAMEWORK_HEADER = YES;
				CLANG_WARN_RANGE_LOOP_ANALYSIS = YES;
				CLANG_WARN_STRICT_PROTOTYPES = YES;
				CLANG_WARN_SUSPICIOUS_MOVE = YES;
				CLANG_WARN_UNGUARDED_AVAILABILITY = YES_AGGRESSIVE;
				CLANG_WARN_UNREACHABLE_CODE = YES;
				CLANG_WARN__DUPLICATE_METHOD_MATCH = YES;
				COPY_PHASE_STRIP = NO;
				DEBUG_INFORMATION_FORMAT = "dwarf-with-dsym";
				ENABLE_NS_ASSERTIONS = NO;
				ENABLE_STRICT_OBJC_MSGSEND = YES;
				GCC_C_LANGUAGE_STANDARD = gnu11;
				GCC_NO_COMMON_BLOCKS = YES;
				GCC_WARN_64_TO_32_BIT_CONVERSION = YES;
				GCC_WARN_ABOUT_RETURN_TYPE = YES_ERROR;
				GCC_WARN_UNDECLARED_SELECTOR = YES;
				GCC_WARN_UNINITIALIZED_AUTOS = YES_AGGRESSIVE;
				GCC_WARN_UNUSED_FUNCTION = YES;
				GCC_WARN_UNUSED_VARIABLE = YES;
				IPHONEOS_DEPLOYMENT_TARGET = 14.5;
				MTL_ENABLE_DEBUG_INFO = NO;
				MTL_FAST_MATH = YES;
				SDKROOT = iphoneos;
				SWIFT_COMPILATION_MODE = wholemodule;
				SWIFT_OPTIMIZATION_LEVEL = "-O";
				VALIDATE_PRODUCT = YES;
			};
			name = Release;
		};
		587E70F9284DB45F00A6529F /* Debug */ = {
			isa = XCBuildConfiguration;
			buildSettings = {
				ASSETCATALOG_COMPILER_APPICON_NAME = AppIcon;
				ASSETCATALOG_COMPILER_GLOBAL_ACCENT_COLOR_NAME = AccentColor;
				CODE_SIGN_STYLE = Automatic;
				INFOPLIST_FILE = SwiftInfiniteScrollView/Info.plist;
				LD_RUNPATH_SEARCH_PATHS = (
					"$(inherited)",
					"@executable_path/Frameworks",
				);
				PRODUCT_BUNDLE_IDENTIFIER = liuchang.SwiftInfiniteScrollView;
				PRODUCT_NAME = "$(TARGET_NAME)";
				SWIFT_VERSION = 5.0;
				TARGETED_DEVICE_FAMILY = "1,2";
			};
			name = Debug;
		};
		587E70FA284DB45F00A6529F /* Release */ = {
			isa = XCBuildConfiguration;
			buildSettings = {
				ASSETCATALOG_COMPILER_APPICON_NAME = AppIcon;
				ASSETCATALOG_COMPILER_GLOBAL_ACCENT_COLOR_NAME = AccentColor;
				CODE_SIGN_STYLE = Automatic;
				INFOPLIST_FILE = SwiftInfiniteScrollView/Info.plist;
				LD_RUNPATH_SEARCH_PATHS = (
					"$(inherited)",
					"@executable_path/Frameworks",
				);
				PRODUCT_BUNDLE_IDENTIFIER = liuchang.SwiftInfiniteScrollView;
				PRODUCT_NAME = "$(TARGET_NAME)";
				SWIFT_VERSION = 5.0;
				TARGETED_DEVICE_FAMILY = "1,2";
			};
			name = Release;
		};
/* End XCBuildConfiguration section */

/* Begin XCConfigurationList section */
		587E70DF284DB45E00A6529F /* Build configuration list for PBXProject "SwiftInfiniteScrollView" */ = {
			isa = XCConfigurationList;
			buildConfigurations = (
				587E70F6284DB45F00A6529F /* Debug */,
				587E70F7284DB45F00A6529F /* Release */,
			);
			defaultConfigurationIsVisible = 0;
			defaultConfigurationName = Release;
		};
		587E70F8284DB45F00A6529F /* Build configuration list for PBXNativeTarget "SwiftInfiniteScrollView" */ = {
			isa = XCConfigurationList;
			buildConfigurations = (
				587E70F9284DB45F00A6529F /* Debug */,
				587E70FA284DB45F00A6529F /* Release */,
			);
			defaultConfigurationIsVisible = 0;
			defaultConfigurationName = Release;
		};
/* End XCConfigurationList section */
	};
	rootObject = 587E70DC284DB45E00A6529F /* Project object */;
}
